
Microsoft Visual Studio Solution File, Format Version 12.00
# Visual Studio Version 16
VisualStudioVersion = 16.0.29324.140
MinimumVisualStudioVersion = 10.0.40219.1
Project("{FAE04EC0-301F-11D3-BF4B-00C04F79EFBC}") = "Examen_semana8.Android", "Examen_semana8.Android\Examen_semana8.Android.csproj", "{15B2F90B-18BF-4B4B-8EAF-7469E93923D3}"
EndProject
Project("{FAE04EC0-301F-11D3-BF4B-00C04F79EFBC}") = "Examen_semana8.iOS", "Examen_semana8.iOS\Examen_semana8.iOS.csproj", "{C926E062-B311-4549-82C7-7B89B261C1AA}"
EndProject
Project("{FAE04EC0-301F-11D3-BF4B-00C04F79EFBC}") = "Examen_semana8", "Examen_semana8\Examen_semana8.csproj", "{9808C8E1-1BD0-48D9-821F-F7D0CDF35B72}"
EndProject
Global
	GlobalSection(SolutionConfigurationPlatforms) = preSolution
		Debug|Any CPU = Debug|Any CPU
		Debug|iPhone = Debug|iPhone
		Debug|iPhoneSimulator = Debug|iPhoneSimulator
		Release|Any CPU = Release|Any CPU
		Release|iPhone = Release|iPhone
		Release|iPhoneSimulator = Release|iPhoneSimulator
	EndGlobalSection
	GlobalSection(ProjectConfigurationPlatforms) = postSolution
		{15B2F90B-18BF-4B4B-8EAF-7469E93923D3}.Debug|Any CPU.ActiveCfg = Debug|Any CPU
		{15B2F90B-18BF-4B4B-8EAF-7469E93923D3}.Debug|Any CPU.Build.0 = Debug|Any CPU
		{15B2F90B-18BF-4B4B-8EAF-7469E93923D3}.Debug|Any CPU.Deploy.0 = Debug|Any CPU
		{15B2F90B-18BF-4B4B-8EAF-7469E93923D3}.Debug|iPhone.ActiveCfg = Debug|Any CPU
		{15B2F90B-18BF-4B4B-8EAF-7469E93923D3}.Debug|iPhone.Build.0 = Debug|Any CPU
		{15B2F90B-18BF-4B4B-8EAF-7469E93923D3}.Debug|iPhone.Deploy.0 = Debug|Any CPU
		{15B2F90B-18BF-4B4B-8EAF-7469E93923D3}.Debug|iPhoneSimulator.ActiveCfg = Debug|Any CPU
		{15B2F90B-18BF-4B4B-8EAF-7469E93923D3}.Debug|iPhoneSimulator.Build.0 = Debug|Any CPU
		{15B2F90B-18BF-4B4B-8EAF-7469E93923D3}.Debug|iPhoneSimulator.Deploy.0 = Debug|Any CPU
		{15B2F90B-18BF-4B4B-8EAF-7469E93923D3}.Release|Any CPU.ActiveCfg = Release|Any CPU
		{15B2F90B-18BF-4B4B-8EAF-7469E93923D3}.Release|Any CPU.Build.0 = Release|Any CPU
		{15B2F90B-18BF-4B4B-8EAF-7469E93923D3}.Release|Any CPU.Deploy.0 = Release|Any CPU
		{15B2F90B-18BF-4B4B-8EAF-7469E93923D3}.Release|iPhone.ActiveCfg = Release|Any CPU
		{15B2F90B-18BF-4B4B-8EAF-7469E93923D3}.Release|iPhone.Build.0 = Release|Any CPU
		{15B2F90B-18BF-4B4B-8EAF-7469E93923D3}.Release|iPhone.Deploy.0 = Release|Any CPU
		{15B2F90B-18BF-4B4B-8EAF-7469E93923D3}.Release|iPhoneSimulator.ActiveCfg = Release|Any CPU
		{15B2F90B-18BF-4B4B-8EAF-7469E93923D3}.Release|iPhoneSimulator.Build.0 = Release|Any CPU
		{15B2F90B-18BF-4B4B-8EAF-7469E93923D3}.Release|iPhoneSimulator.Deploy.0 = Release|Any CPU
		{C926E062-B311-4549-82C7-7B89B261C1AA}.Debug|Any CPU.ActiveCfg = Debug|iPhoneSimulator
		{C926E062-B311-4549-82C7-7B89B261C1AA}.Debug|Any CPU.Build.0 = Debug|iPhoneSimulator
		{C926E062-B311-4549-82C7-7B89B261C1AA}.Debug|Any CPU.Deploy.0 = Debug|iPhoneSimulator
		{C926E062-B311-4549-82C7-7B89B261C1AA}.Debug|iPhone.ActiveCfg = Debug|iPhone
		{C926E062-B311-4549-82C7-7B89B261C1AA}.Debug|iPhone.Build.0 = Debug|iPhone
		{C926E062-B311-4549-82C7-7B89B261C1AA}.Debug|iPhone.Deploy.0 = Debug|iPhone
		{C926E062-B311-4549-82C7-7B89B261C1AA}.Debug|iPhoneSimulator.ActiveCfg = Debug|iPhoneSimulator
		{C926E062-B311-4549-82C7-7B89B261C1AA}.Debug|iPhoneSimulator.Build.0 = Debug|iPhoneSimulator
		{C926E062-B311-4549-82C7-7B89B261C1AA}.Debug|iPhoneSimulator.Deploy.0 = Debug|iPhoneSimulator
		{C926E062-B311-4549-82C7-7B89B261C1AA}.Release|Any CPU.ActiveCfg = Release|iPhone
		{C926E062-B311-4549-82C7-7B89B261C1AA}.Release|Any CPU.Build.0 = Release|iPhone
		{C926E062-B311-4549-82C7-7B89B261C1AA}.Release|Any CPU.Deploy.0 = Release|iPhone
		{C926E062-B311-4549-82C7-7B89B261C1AA}.Release|iPhone.ActiveCfg = Release|iPhone
		{C926E062-B311-4549-82C7-7B89B261C1AA}.Release|iPhone.Build.0 = Release|iPhone
		{C926E062-B311-4549-82C7-7B89B261C1AA}.Release|iPhone.Deploy.0 = Release|iPhone
		{C926E062-B311-4549-82C7-7B89B261C1AA}.Release|iPhoneSimulator.ActiveCfg = Release|iPhoneSimulator
		{C926E062-B311-4549-82C7-7B89B261C1AA}.Release|iPhoneSimulator.Build.0 = Release|iPhoneSimulator
		{C926E062-B311-4549-82C7-7B89B261C1AA}.Release|iPhoneSimulator.Deploy.0 = Release|iPhoneSimulator
		{9808C8E1-1BD0-48D9-821F-F7D0CDF35B72}.Debug|Any CPU.ActiveCfg = Debug|Any CPU
		{9808C8E1-1BD0-48D9-821F-F7D0CDF35B72}.Debug|Any CPU.Build.0 = Debug|Any CPU
		{9808C8E1-1BD0-48D9-821F-F7D0CDF35B72}.Debug|Any CPU.Deploy.0 = Debug|Any CPU
		{9808C8E1-1BD0-48D9-821F-F7D0CDF35B72}.Debug|iPhone.ActiveCfg = Debug|Any CPU
		{9808C8E1-1BD0-48D9-821F-F7D0CDF35B72}.Debug|iPhone.Build.0 = Debug|Any CPU
		{9808C8E1-1BD0-48D9-821F-F7D0CDF35B72}.Debug|iPhone.Deploy.0 = Debug|Any CPU
		{9808C8E1-1BD0-48D9-821F-F7D0CDF35B72}.Debug|iPhoneSimulator.ActiveCfg = Debug|Any CPU
		{9808C8E1-1BD0-48D9-821F-F7D0CDF35B72}.Debug|iPhoneSimulator.Build.0 = Debug|Any CPU
		{9808C8E1-1BD0-48D9-821F-F7D0CDF35B72}.Debug|iPhoneSimulator.Deploy.0 = Debug|Any CPU
		{9808C8E1-1BD0-48D9-821F-F7D0CDF35B72}.Release|Any CPU.ActiveCfg = Release|Any CPU
		{9808C8E1-1BD0-48D9-821F-F7D0CDF35B72}.Release|Any CPU.Build.0 = Release|Any CPU
		{9808C8E1-1BD0-48D9-821F-F7D0CDF35B72}.Release|Any CPU.Deploy.0 = Release|Any CPU
		{9808C8E1-1BD0-48D9-821F-F7D0CDF35B72}.Release|iPhone.ActiveCfg = Release|Any CPU
		{9808C8E1-1BD0-48D9-821F-F7D0CDF35B72}.Release|iPhone.Build.0 = Release|Any CPU
		{9808C8E1-1BD0-48D9-821F-F7D0CDF35B72}.Release|iPhone.Deploy.0 = Release|Any CPU
		{9808C8E1-1BD0-48D9-821F-F7D0CDF35B72}.Release|iPhoneSimulator.ActiveCfg = Release|Any CPU
		{9808C8E1-1BD0-48D9-821F-F7D0CDF35B72}.Release|iPhoneSimulator.Build.0 = Release|Any CPU
		{9808C8E1-1BD0-48D9-821F-F7D0CDF35B72}.Release|iPhoneSimulator.Deploy.0 = Release|Any CPU
	EndGlobalSection
	GlobalSection(SolutionProperties) = preSolution
		HideSolutionNode = FALSE
	EndGlobalSection
	GlobalSection(ExtensibilityGlobals) = postSolution
		SolutionGuid = {D969724F-ECF3-4A8B-A2D1-CBBDBAF8284D}
	EndGlobalSection
EndGlobal
